
Microsoft Visual Studio Solution File, Format Version 12.00
# Visual Studio 15
VisualStudioVersion = 15.0.27130.2024
MinimumVisualStudioVersion = 10.0.40219.1
Project("{9A19103F-16F7-4668-BE54-9A1E7A4F7556}") = "NumeralTypesАndTypeConversion", "NumeralTypesАndTypeConversion\NumeralTypesАndTypeConversion.csproj", "{AB047816-4D3C-413C-B56F-8CDF262BA837}"
EndProject
Project("{9A19103F-16F7-4668-BE54-9A1E7A4F7556}") = "PracticeIntegerNumbers", "PracticeIntegerNumbers\PracticeIntegerNumbers.csproj", "{19D94FDA-0762-44D2-86B5-7BB04AD768CF}"
EndProject
Project("{9A19103F-16F7-4668-BE54-9A1E7A4F7556}") = "PracticeFloatingPointNumbers", "PracticeFloatingPointNumbers\PracticeFloatingPointNumbers.csproj", "{31B796E8-C949-43EF-BC15-B827A8FCF580}"
EndProject
Project("{9A19103F-16F7-4668-BE54-9A1E7A4F7556}") = "PracticeCharactersAndStrings", "PracticeCharactersAndStrings\PracticeCharactersAndStrings.csproj", "{346EFB1B-9F01-438A-B457-2A6B0631622D}"
EndProject
Project("{9A19103F-16F7-4668-BE54-9A1E7A4F7556}") = "VariableInHexadecimalFormat", "VariableInHexadecimalFormat\VariableInHexadecimalFormat.csproj", "{EB6A07A0-8B0B-480A-9892-A2342D6A9E21}"
EndProject
Project("{9A19103F-16F7-4668-BE54-9A1E7A4F7556}") = "BooleanVariable", "BooleanVariable\BooleanVariable.csproj", "{4C9AB567-D2B6-4B96-90AB-A57865F75E01}"
EndProject
Project("{9A19103F-16F7-4668-BE54-9A1E7A4F7556}") = "StringsAndObjects", "StringsAndObjects\StringsAndObjects.csproj", "{BBF55773-D905-4466-9686-B3E5583DD250}"
EndProject
Project("{9A19103F-16F7-4668-BE54-9A1E7A4F7556}") = "ExchangeVariableValues", "ExchangeVariableValues\ExchangeVariableValues.csproj", "{4A3BF07F-463D-4D01-A1FF-9F5BE4306C41}"
EndProject
Project("{9A19103F-16F7-4668-BE54-9A1E7A4F7556}") = "EmployeeData", "EmployeeData\EmployeeData.csproj", "{2ED04127-CBA2-4FD7-A784-79770BEA413D}"
EndProject
Project("{9A19103F-16F7-4668-BE54-9A1E7A4F7556}") = "ReverseChar", "ReverseChar\ReverseChar.csproj", "{40954F6A-2369-4711-9343-AD8ED8AF38A4}"
EndProject
Project("{9A19103F-16F7-4668-BE54-9A1E7A4F7556}") = "CenturiesToNanoseconds", "CenturiesToNanoseconds\CenturiesToNanoseconds.csproj", "{80EFC2D9-0E8A-4FE7-8EBC-5B3617CF2DCF}"
EndProject
Project("{9A19103F-16F7-4668-BE54-9A1E7A4F7556}") = "ConvertSpeedUnits", "ConvertSpeedUnits\ConvertSpeedUnits.csproj", "{5F8CCCCD-E757-4A40-B328-1489952B79D4}"
EndProject
Project("{FAE04EC0-301F-11D3-BF4B-00C04F79EFBC}") = "TheaThePhotographer", "TheaThePhotographer\TheaThePhotographer.csproj", "{DC890FBD-0C4E-4E69-9CDE-845843107AC6}"
EndProject
Project("{FAE04EC0-301F-11D3-BF4B-00C04F79EFBC}") = "DifferentIntegersSize", "DifferentIntegersSize\DifferentIntegersSize.csproj", "{73D48ECC-633D-4D2C-BE83-E3445864BE91}"
EndProject
Global
	GlobalSection(SolutionConfigurationPlatforms) = preSolution
		Debug|Any CPU = Debug|Any CPU
		Release|Any CPU = Release|Any CPU
	EndGlobalSection
	GlobalSection(ProjectConfigurationPlatforms) = postSolution
		{AB047816-4D3C-413C-B56F-8CDF262BA837}.Debug|Any CPU.ActiveCfg = Debug|Any CPU
		{AB047816-4D3C-413C-B56F-8CDF262BA837}.Debug|Any CPU.Build.0 = Debug|Any CPU
		{AB047816-4D3C-413C-B56F-8CDF262BA837}.Release|Any CPU.ActiveCfg = Release|Any CPU
		{AB047816-4D3C-413C-B56F-8CDF262BA837}.Release|Any CPU.Build.0 = Release|Any CPU
		{19D94FDA-0762-44D2-86B5-7BB04AD768CF}.Debug|Any CPU.ActiveCfg = Debug|Any CPU
		{19D94FDA-0762-44D2-86B5-7BB04AD768CF}.Debug|Any CPU.Build.0 = Debug|Any CPU
		{19D94FDA-0762-44D2-86B5-7BB04AD768CF}.Release|Any CPU.ActiveCfg = Release|Any CPU
		{19D94FDA-0762-44D2-86B5-7BB04AD768CF}.Release|Any CPU.Build.0 = Release|Any CPU
		{31B796E8-C949-43EF-BC15-B827A8FCF580}.Debug|Any CPU.ActiveCfg = Debug|Any CPU
		{31B796E8-C949-43EF-BC15-B827A8FCF580}.Debug|Any CPU.Build.0 = Debug|Any CPU
		{31B796E8-C949-43EF-BC15-B827A8FCF580}.Release|Any CPU.ActiveCfg = Release|Any CPU
		{31B796E8-C949-43EF-BC15-B827A8FCF580}.Release|Any CPU.Build.0 = Release|Any CPU
		{346EFB1B-9F01-438A-B457-2A6B0631622D}.Debug|Any CPU.ActiveCfg = Debug|Any CPU
		{346EFB1B-9F01-438A-B457-2A6B0631622D}.Debug|Any CPU.Build.0 = Debug|Any CPU
		{346EFB1B-9F01-438A-B457-2A6B0631622D}.Release|Any CPU.ActiveCfg = Release|Any CPU
		{346EFB1B-9F01-438A-B457-2A6B0631622D}.Release|Any CPU.Build.0 = Release|Any CPU
		{EB6A07A0-8B0B-480A-9892-A2342D6A9E21}.Debug|Any CPU.ActiveCfg = Debug|Any CPU
		{EB6A07A0-8B0B-480A-9892-A2342D6A9E21}.Debug|Any CPU.Build.0 = Debug|Any CPU
		{EB6A07A0-8B0B-480A-9892-A2342D6A9E21}.Release|Any CPU.ActiveCfg = Release|Any CPU
		{EB6A07A0-8B0B-480A-9892-A2342D6A9E21}.Release|Any CPU.Build.0 = Release|Any CPU
		{4C9AB567-D2B6-4B96-90AB-A57865F75E01}.Debug|Any CPU.ActiveCfg = Debug|Any CPU
		{4C9AB567-D2B6-4B96-90AB-A57865F75E01}.Debug|Any CPU.Build.0 = Debug|Any CPU
		{4C9AB567-D2B6-4B96-90AB-A57865F75E01}.Release|Any CPU.ActiveCfg = Release|Any CPU
		{4C9AB567-D2B6-4B96-90AB-A57865F75E01}.Release|Any CPU.Build.0 = Release|Any CPU
		{BBF55773-D905-4466-9686-B3E5583DD250}.Debug|Any CPU.ActiveCfg = Debug|Any CPU
		{BBF55773-D905-4466-9686-B3E5583DD250}.Debug|Any CPU.Build.0 = Debug|Any CPU
		{BBF55773-D905-4466-9686-B3E5583DD250}.Release|Any CPU.ActiveCfg = Release|Any CPU
		{BBF55773-D905-4466-9686-B3E5583DD250}.Release|Any CPU.Build.0 = Release|Any CPU
		{4A3BF07F-463D-4D01-A1FF-9F5BE4306C41}.Debug|Any CPU.ActiveCfg = Debug|Any CPU
		{4A3BF07F-463D-4D01-A1FF-9F5BE4306C41}.Debug|Any CPU.Build.0 = Debug|Any CPU
		{4A3BF07F-463D-4D01-A1FF-9F5BE4306C41}.Release|Any CPU.ActiveCfg = Release|Any CPU
		{4A3BF07F-463D-4D01-A1FF-9F5BE4306C41}.Release|Any CPU.Build.0 = Release|Any CPU
		{2ED04127-CBA2-4FD7-A784-79770BEA413D}.Debug|Any CPU.ActiveCfg = Debug|Any CPU
		{2ED04127-CBA2-4FD7-A784-79770BEA413D}.Debug|Any CPU.Build.0 = Debug|Any CPU
		{2ED04127-CBA2-4FD7-A784-79770BEA413D}.Release|Any CPU.ActiveCfg = Release|Any CPU
		{2ED04127-CBA2-4FD7-A784-79770BEA413D}.Release|Any CPU.Build.0 = Release|Any CPU
		{40954F6A-2369-4711-9343-AD8ED8AF38A4}.Debug|Any CPU.ActiveCfg = Debug|Any CPU
		{40954F6A-2369-4711-9343-AD8ED8AF38A4}.Debug|Any CPU.Build.0 = Debug|Any CPU
		{40954F6A-2369-4711-9343-AD8ED8AF38A4}.Release|Any CPU.ActiveCfg = Release|Any CPU
		{40954F6A-2369-4711-9343-AD8ED8AF38A4}.Release|Any CPU.Build.0 = Release|Any CPU
		{80EFC2D9-0E8A-4FE7-8EBC-5B3617CF2DCF}.Debug|Any CPU.ActiveCfg = Debug|Any CPU
		{80EFC2D9-0E8A-4FE7-8EBC-5B3617CF2DCF}.Debug|Any CPU.Build.0 = Debug|Any CPU
		{80EFC2D9-0E8A-4FE7-8EBC-5B3617CF2DCF}.Release|Any CPU.ActiveCfg = Release|Any CPU
		{80EFC2D9-0E8A-4FE7-8EBC-5B3617CF2DCF}.Release|Any CPU.Build.0 = Release|Any CPU
		{5F8CCCCD-E757-4A40-B328-1489952B79D4}.Debug|Any CPU.ActiveCfg = Debug|Any CPU
		{5F8CCCCD-E757-4A40-B328-1489952B79D4}.Debug|Any CPU.Build.0 = Debug|Any CPU
		{5F8CCCCD-E757-4A40-B328-1489952B79D4}.Release|Any CPU.ActiveCfg = Release|Any CPU
		{5F8CCCCD-E757-4A40-B328-1489952B79D4}.Release|Any CPU.Build.0 = Release|Any CPU
		{DC890FBD-0C4E-4E69-9CDE-845843107AC6}.Debug|Any CPU.ActiveCfg = Debug|Any CPU
		{DC890FBD-0C4E-4E69-9CDE-845843107AC6}.Debug|Any CPU.Build.0 = Debug|Any CPU
		{DC890FBD-0C4E-4E69-9CDE-845843107AC6}.Release|Any CPU.ActiveCfg = Release|Any CPU
		{DC890FBD-0C4E-4E69-9CDE-845843107AC6}.Release|Any CPU.Build.0 = Release|Any CPU
		{73D48ECC-633D-4D2C-BE83-E3445864BE91}.Debug|Any CPU.ActiveCfg = Debug|Any CPU
		{73D48ECC-633D-4D2C-BE83-E3445864BE91}.Debug|Any CPU.Build.0 = Debug|Any CPU
		{73D48ECC-633D-4D2C-BE83-E3445864BE91}.Release|Any CPU.ActiveCfg = Release|Any CPU
		{73D48ECC-633D-4D2C-BE83-E3445864BE91}.Release|Any CPU.Build.0 = Release|Any CPU
	EndGlobalSection
	GlobalSection(SolutionProperties) = preSolution
		HideSolutionNode = FALSE
	EndGlobalSection
	GlobalSection(ExtensibilityGlobals) = postSolution
		SolutionGuid = {FEDDEE3A-B511-43BD-95D7-7EF65195C482}
	EndGlobalSection
EndGlobal
